github.com/ed16/aws-k8s-messaging-platform/services/user-service v0.0.0-20240123144925-de5b410f4170 h1:7P6Pe7M4998F0xhmCRir1WLNPxRON0vd8ln9vSN4yIg=
github.com/ed16/aws-k8s-messaging-platform/services/user-service v0.0.0-20240123144925-de5b410f4170/go.mod h1:v8vpjnV0kKWsJ/3Swhwt35ReLm61j9Tq4ONNY8LKMGo=
