github.com/ed16/aws-k8s-messaging-platform/services/user-service v0.0.0-20240127112532-49081496c22f h1:icOzFS7nVqsLY3lKnyahe119fTmwVGLNpIWVuRJMCh0=
github.com/ed16/aws-k8s-messaging-platform/services/user-service v0.0.0-20240127112532-49081496c22f/go.mod h1:v8vpjnV0kKWsJ/3Swhwt35ReLm61j9Tq4ONNY8LKMGo=
